// !$*UTF8*$!
{
	archiveVersion = 1;
	classes = {
	};
	objectVersion = 50;
	objects = {

/* Begin PBXBuildFile section */
		2024329B2299A3120047CE0C /* Counter.swift in Sources */ = {isa = PBXBuildFile; fileRef = 2024329A2299A3120047CE0C /* Counter.swift */; };
		202EC13A226C9A7500C3A56D /* RoundedButton.swift in Sources */ = {isa = PBXBuildFile; fileRef = 202EC139226C9A7500C3A56D /* RoundedButton.swift */; };
		202EC13C226E317A00C3A56D /* Themes.swift in Sources */ = {isa = PBXBuildFile; fileRef = 202EC13B226E317A00C3A56D /* Themes.swift */; };
		2034D2DC229DE2DD007EFB31 /* CounterTableViewController.swift in Sources */ = {isa = PBXBuildFile; fileRef = 2034D2DB229DE2DD007EFB31 /* CounterTableViewController.swift */; };
		2034D2DE229DE38B007EFB31 /* Constants.swift in Sources */ = {isa = PBXBuildFile; fileRef = 2034D2DD229DE38B007EFB31 /* Constants.swift */; };
		2041E37622ADA69100BBD743 /* CounterCell.swift in Sources */ = {isa = PBXBuildFile; fileRef = 2041E37522ADA69100BBD743 /* CounterCell.swift */; };
		2041E37A22AEE42800BBD743 /* ExpandTransitionAnimation.swift in Sources */ = {isa = PBXBuildFile; fileRef = 2041E37922AEE42800BBD743 /* ExpandTransitionAnimation.swift */; };
		2042B75022AFE15D00A42DEA /* DismissAnimationController.swift in Sources */ = {isa = PBXBuildFile; fileRef = 2042B74F22AFE15D00A42DEA /* DismissAnimationController.swift */; };
		20D0200B226C897F0097B817 /* AppDelegate.swift in Sources */ = {isa = PBXBuildFile; fileRef = 20D0200A226C897F0097B817 /* AppDelegate.swift */; };
		20D0200D226C897F0097B817 /* CounterViewController.swift in Sources */ = {isa = PBXBuildFile; fileRef = 20D0200C226C897F0097B817 /* CounterViewController.swift */; };
		20D02010226C897F0097B817 /* Main.storyboard in Resources */ = {isa = PBXBuildFile; fileRef = 20D0200E226C897F0097B817 /* Main.storyboard */; };
		20D02012226C89810097B817 /* Assets.xcassets in Resources */ = {isa = PBXBuildFile; fileRef = 20D02011226C89810097B817 /* Assets.xcassets */; };
		20D02015226C89810097B817 /* LaunchScreen.storyboard in Resources */ = {isa = PBXBuildFile; fileRef = 20D02013226C89810097B817 /* LaunchScreen.storyboard */; };
		20D0201F226C8C980097B817 /* Roboto-Bold.ttf in Resources */ = {isa = PBXBuildFile; fileRef = 20D0201C226C8C970097B817 /* Roboto-Bold.ttf */; };
		20D02020226C8C980097B817 /* Roboto-Regular.ttf in Resources */ = {isa = PBXBuildFile; fileRef = 20D0201D226C8C970097B817 /* Roboto-Regular.ttf */; };
		20D02021226C8C980097B817 /* Roboto-Medium.ttf in Resources */ = {isa = PBXBuildFile; fileRef = 20D0201E226C8C970097B817 /* Roboto-Medium.ttf */; };
		20D02025226C90200097B817 /* Roboto-Light.ttf in Resources */ = {isa = PBXBuildFile; fileRef = 20D02023226C90200097B817 /* Roboto-Light.ttf */; };
		20D02026226C90200097B817 /* Roboto-Thin.ttf in Resources */ = {isa = PBXBuildFile; fileRef = 20D02024226C90200097B817 /* Roboto-Thin.ttf */; };
/* End PBXBuildFile section */

/* Begin PBXFileReference section */
		2024329A2299A3120047CE0C /* Counter.swift */ = {isa = PBXFileReference; lastKnownFileType = sourcecode.swift; path = Counter.swift; sourceTree = "<group>"; };
		202EC139226C9A7500C3A56D /* RoundedButton.swift */ = {isa = PBXFileReference; lastKnownFileType = sourcecode.swift; path = RoundedButton.swift; sourceTree = "<group>"; };
		202EC13B226E317A00C3A56D /* Themes.swift */ = {isa = PBXFileReference; lastKnownFileType = sourcecode.swift; path = Themes.swift; sourceTree = "<group>"; };
		2034D2DB229DE2DD007EFB31 /* CounterTableViewController.swift */ = {isa = PBXFileReference; lastKnownFileType = sourcecode.swift; path = CounterTableViewController.swift; sourceTree = "<group>"; };
		2034D2DD229DE38B007EFB31 /* Constants.swift */ = {isa = PBXFileReference; lastKnownFileType = sourcecode.swift; path = Constants.swift; sourceTree = "<group>"; };
		2041E37522ADA69100BBD743 /* CounterCell.swift */ = {isa = PBXFileReference; lastKnownFileType = sourcecode.swift; path = CounterCell.swift; sourceTree = "<group>"; };
		2041E37922AEE42800BBD743 /* ExpandTransitionAnimation.swift */ = {isa = PBXFileReference; lastKnownFileType = sourcecode.swift; path = ExpandTransitionAnimation.swift; sourceTree = "<group>"; };
		2042B74F22AFE15D00A42DEA /* DismissAnimationController.swift */ = {isa = PBXFileReference; lastKnownFileType = sourcecode.swift; path = DismissAnimationController.swift; sourceTree = "<group>"; };
		20D02007226C897F0097B817 /* Counter.app */ = {isa = PBXFileReference; explicitFileType = wrapper.application; includeInIndex = 0; path = Counter.app; sourceTree = BUILT_PRODUCTS_DIR; };
		20D0200A226C897F0097B817 /* AppDelegate.swift */ = {isa = PBXFileReference; lastKnownFileType = sourcecode.swift; path = AppDelegate.swift; sourceTree = "<group>"; };
		20D0200C226C897F0097B817 /* CounterViewController.swift */ = {isa = PBXFileReference; lastKnownFileType = sourcecode.swift; path = CounterViewController.swift; sourceTree = "<group>"; };
		20D0200F226C897F0097B817 /* Base */ = {isa = PBXFileReference; lastKnownFileType = file.storyboard; name = Base; path = Base.lproj/Main.storyboard; sourceTree = "<group>"; };
		20D02011226C89810097B817 /* Assets.xcassets */ = {isa = PBXFileReference; lastKnownFileType = folder.assetcatalog; path = Assets.xcassets; sourceTree = "<group>"; };
		20D02014226C89810097B817 /* Base */ = {isa = PBXFileReference; lastKnownFileType = file.storyboard; name = Base; path = Base.lproj/LaunchScreen.storyboard; sourceTree = "<group>"; };
		20D02016226C89810097B817 /* Info.plist */ = {isa = PBXFileReference; lastKnownFileType = text.plist.xml; path = Info.plist; sourceTree = "<group>"; };
		20D0201C226C8C970097B817 /* Roboto-Bold.ttf */ = {isa = PBXFileReference; lastKnownFileType = file; path = "Roboto-Bold.ttf"; sourceTree = "<group>"; };
		20D0201D226C8C970097B817 /* Roboto-Regular.ttf */ = {isa = PBXFileReference; lastKnownFileType = file; path = "Roboto-Regular.ttf"; sourceTree = "<group>"; };
		20D0201E226C8C970097B817 /* Roboto-Medium.ttf */ = {isa = PBXFileReference; lastKnownFileType = file; path = "Roboto-Medium.ttf"; sourceTree = "<group>"; };
		20D02023226C90200097B817 /* Roboto-Light.ttf */ = {isa = PBXFileReference; lastKnownFileType = file; path = "Roboto-Light.ttf"; sourceTree = "<group>"; };
		20D02024226C90200097B817 /* Roboto-Thin.ttf */ = {isa = PBXFileReference; lastKnownFileType = file; path = "Roboto-Thin.ttf"; sourceTree = "<group>"; };
/* End PBXFileReference section */

/* Begin PBXFrameworksBuildPhase section */
		20D02004226C897F0097B817 /* Frameworks */ = {
			isa = PBXFrameworksBuildPhase;
			buildActionMask = 2147483647;
			files = (
			);
			runOnlyForDeploymentPostprocessing = 0;
		};
/* End PBXFrameworksBuildPhase section */

/* Begin PBXGroup section */
		2024329C2299A31E0047CE0C /* Model */ = {
			isa = PBXGroup;
			children = (
				2024329A2299A3120047CE0C /* Counter.swift */,
			);
			path = Model;
			sourceTree = "<group>";
		};
		2024329D2299A3330047CE0C /* Shared */ = {
			isa = PBXGroup;
			children = (
				202EC13B226E317A00C3A56D /* Themes.swift */,
				202EC139226C9A7500C3A56D /* RoundedButton.swift */,
				2034D2DD229DE38B007EFB31 /* Constants.swift */,
				2041E37522ADA69100BBD743 /* CounterCell.swift */,
				2041E37922AEE42800BBD743 /* ExpandTransitionAnimation.swift */,
				2042B74F22AFE15D00A42DEA /* DismissAnimationController.swift */,
			);
			path = Shared;
			sourceTree = "<group>";
		};
		20D01FFE226C897F0097B817 = {
			isa = PBXGroup;
			children = (
				20D02009226C897F0097B817 /* Counter */,
				20D02008226C897F0097B817 /* Products */,
			);
			sourceTree = "<group>";
		};
		20D02008226C897F0097B817 /* Products */ = {
			isa = PBXGroup;
			children = (
				20D02007226C897F0097B817 /* Counter.app */,
			);
			name = Products;
			sourceTree = "<group>";
		};
		20D02009226C897F0097B817 /* Counter */ = {
			isa = PBXGroup;
			children = (
				2024329C2299A31E0047CE0C /* Model */,
				2024329D2299A3330047CE0C /* Shared */,
				20D0200A226C897F0097B817 /* AppDelegate.swift */,
				2034D2DB229DE2DD007EFB31 /* CounterTableViewController.swift */,
				20D0200C226C897F0097B817 /* CounterViewController.swift */,
				20D0200E226C897F0097B817 /* Main.storyboard */,
				20D02022226C8C9F0097B817 /* Fonts */,
				20D02011226C89810097B817 /* Assets.xcassets */,
				20D02013226C89810097B817 /* LaunchScreen.storyboard */,
				20D02016226C89810097B817 /* Info.plist */,
			);
			path = Counter;
			sourceTree = "<group>";
		};
		20D02022226C8C9F0097B817 /* Fonts */ = {
			isa = PBXGroup;
			children = (
				20D02023226C90200097B817 /* Roboto-Light.ttf */,
				20D02024226C90200097B817 /* Roboto-Thin.ttf */,
				20D0201C226C8C970097B817 /* Roboto-Bold.ttf */,
				20D0201E226C8C970097B817 /* Roboto-Medium.ttf */,
				20D0201D226C8C970097B817 /* Roboto-Regular.ttf */,
			);
			path = Fonts;
			sourceTree = "<group>";
		};
/* End PBXGroup section */

/* Begin PBXNativeTarget section */
		20D02006226C897F0097B817 /* Counter */ = {
			isa = PBXNativeTarget;
			buildConfigurationList = 20D02019226C89810097B817 /* Build configuration list for PBXNativeTarget "Counter" */;
			buildPhases = (
				20D02003226C897F0097B817 /* Sources */,
				20D02004226C897F0097B817 /* Frameworks */,
				20D02005226C897F0097B817 /* Resources */,
			);
			buildRules = (
			);
			dependencies = (
			);
			name = Counter;
			productName = Counter;
			productReference = 20D02007226C897F0097B817 /* Counter.app */;
			productType = "com.apple.product-type.application";
		};
/* End PBXNativeTarget section */

/* Begin PBXProject section */
		20D01FFF226C897F0097B817 /* Project object */ = {
			isa = PBXProject;
			attributes = {
				LastSwiftUpdateCheck = 1020;
				LastUpgradeCheck = 1020;
				ORGANIZATIONNAME = "Tudor Croitoru";
				TargetAttributes = {
					20D02006226C897F0097B817 = {
						CreatedOnToolsVersion = 10.2;
					};
				};
			};
			buildConfigurationList = 20D02002226C897F0097B817 /* Build configuration list for PBXProject "Counter" */;
			compatibilityVersion = "Xcode 9.3";
			developmentRegion = en;
			hasScannedForEncodings = 0;
			knownRegions = (
				en,
				Base,
			);
			mainGroup = 20D01FFE226C897F0097B817;
			productRefGroup = 20D02008226C897F0097B817 /* Products */;
			projectDirPath = "";
			projectRoot = "";
			targets = (
				20D02006226C897F0097B817 /* Counter */,
			);
		};
/* End PBXProject section */

/* Begin PBXResourcesBuildPhase section */
		20D02005226C897F0097B817 /* Resources */ = {
			isa = PBXResourcesBuildPhase;
			buildActionMask = 2147483647;
			files = (
				20D02026226C90200097B817 /* Roboto-Thin.ttf in Resources */,
				20D02015226C89810097B817 /* LaunchScreen.storyboard in Resources */,
				20D02012226C89810097B817 /* Assets.xcassets in Resources */,
				20D02021226C8C980097B817 /* Roboto-Medium.ttf in Resources */,
				20D02020226C8C980097B817 /* Roboto-Regular.ttf in Resources */,
				20D02025226C90200097B817 /* Roboto-Light.ttf in Resources */,
				20D0201F226C8C980097B817 /* Roboto-Bold.ttf in Resources */,
				20D02010226C897F0097B817 /* Main.storyboard in Resources */,
			);
			runOnlyForDeploymentPostprocessing = 0;
		};
/* End PBXResourcesBuildPhase section */

/* Begin PBXSourcesBuildPhase section */
		20D02003226C897F0097B817 /* Sources */ = {
			isa = PBXSourcesBuildPhase;
			buildActionMask = 2147483647;
			files = (
				2024329B2299A3120047CE0C /* Counter.swift in Sources */,
				20D0200D226C897F0097B817 /* CounterViewController.swift in Sources */,
				202EC13C226E317A00C3A56D /* Themes.swift in Sources */,
				2034D2DE229DE38B007EFB31 /* Constants.swift in Sources */,
				2042B75022AFE15D00A42DEA /* DismissAnimationController.swift in Sources */,
				202EC13A226C9A7500C3A56D /* RoundedButton.swift in Sources */,
				2041E37A22AEE42800BBD743 /* ExpandTransitionAnimation.swift in Sources */,
				2041E37622ADA69100BBD743 /* CounterCell.swift in Sources */,
				20D0200B226C897F0097B817 /* AppDelegate.swift in Sources */,
				2034D2DC229DE2DD007EFB31 /* CounterTableViewController.swift in Sources */,
			);
			runOnlyForDeploymentPostprocessing = 0;
		};
/* End PBXSourcesBuildPhase section */

/* Begin PBXVariantGroup section */
		20D0200E226C897F0097B817 /* Main.storyboard */ = {
			isa = PBXVariantGroup;
			children = (
				20D0200F226C897F0097B817 /* Base */,
			);
			name = Main.storyboard;
			sourceTree = "<group>";
		};
		20D02013226C89810097B817 /* LaunchScreen.storyboard */ = {
			isa = PBXVariantGroup;
			children = (
				20D02014226C89810097B817 /* Base */,
			);
			name = LaunchScreen.storyboard;
			sourceTree = "<group>";
		};
/* End PBXVariantGroup section */

/* Begin XCBuildConfiguration section */
		20D02017226C89810097B817 /* Debug */ = {
			isa = XCBuildConfiguration;
			buildSettings = {
				ALWAYS_SEARCH_USER_PATHS = NO;
				CLANG_ANALYZER_NONNULL = YES;
				CLANG_ANALYZER_NUMBER_OBJECT_CONVERSION = YES_AGGRESSIVE;
				CLANG_CXX_LANGUAGE_STANDARD = "gnu++14";
				CLANG_CXX_LIBRARY = "libc++";
				CLANG_ENABLE_MODULES = YES;
				CLANG_ENABLE_OBJC_ARC = YES;
				CLANG_ENABLE_OBJC_WEAK = YES;
				CLANG_WARN_BLOCK_CAPTURE_AUTORELEASING = YES;
				CLANG_WARN_BOOL_CONVERSION = YES;
				CLANG_WARN_COMMA = YES;
				CLANG_WARN_CONSTANT_CONVERSION = YES;
				CLANG_WARN_DEPRECATED_OBJC_IMPLEMENTATIONS = YES;
				CLANG_WARN_DIRECT_OBJC_ISA_USAGE = YES_ERROR;
				CLANG_WARN_DOCUMENTATION_COMMENTS = YES;
				CLANG_WARN_EMPTY_BODY = YES;
				CLANG_WARN_ENUM_CONVERSION = YES;
				CLANG_WARN_INFINITE_RECURSION = YES;
				CLANG_WARN_INT_CONVERSION = YES;
				CLANG_WARN_NON_LITERAL_NULL_CONVERSION = YES;
				CLANG_WARN_OBJC_IMPLICIT_RETAIN_SELF = YES;
				CLANG_WARN_OBJC_LITERAL_CONVERSION = YES;
				CLANG_WARN_OBJC_ROOT_CLASS = YES_ERROR;
				CLANG_WARN_RANGE_LOOP_ANALYSIS = YES;
				CLANG_WARN_STRICT_PROTOTYPES = YES;
				CLANG_WARN_SUSPICIOUS_MOVE = YES;
				CLANG_WARN_UNGUARDED_AVAILABILITY = YES_AGGRESSIVE;
				CLANG_WARN_UNREACHABLE_CODE = YES;
				CLANG_WARN__DUPLICATE_METHOD_MATCH = YES;
				CODE_SIGN_IDENTITY = "iPhone Developer";
				COPY_PHASE_STRIP = NO;
				DEBUG_INFORMATION_FORMAT = dwarf;
				ENABLE_STRICT_OBJC_MSGSEND = YES;
				ENABLE_TESTABILITY = YES;
				GCC_C_LANGUAGE_STANDARD = gnu11;
				GCC_DYNAMIC_NO_PIC = NO;
				GCC_NO_COMMON_BLOCKS = YES;
				GCC_OPTIMIZATION_LEVEL = 0;
				GCC_PREPROCESSOR_DEFINITIONS = (
					"DEBUG=1",
					"$(inherited)",
				);
				GCC_WARN_64_TO_32_BIT_CONVERSION = YES;
				GCC_WARN_ABOUT_RETURN_TYPE = YES_ERROR;
				GCC_WARN_UNDECLARED_SELECTOR = YES;
				GCC_WARN_UNINITIALIZED_AUTOS = YES_AGGRESSIVE;
				GCC_WARN_UNUSED_FUNCTION = YES;
				GCC_WARN_UNUSED_VARIABLE = YES;
				IPHONEOS_DEPLOYMENT_TARGET = 12.2;
				MTL_ENABLE_DEBUG_INFO = INCLUDE_SOURCE;
				MTL_FAST_MATH = YES;
				ONLY_ACTIVE_ARCH = YES;
				SDKROOT = iphoneos;
				SWIFT_ACTIVE_COMPILATION_CONDITIONS = DEBUG;
				SWIFT_OPTIMIZATION_LEVEL = "-Onone";
			};
			name = Debug;
		};
		20D02018226C89810097B817 /* Release */ = {
			isa = XCBuildConfiguration;
			buildSettings = {
				ALWAYS_SEARCH_USER_PATHS = NO;
				CLANG_ANALYZER_NONNULL = YES;
				CLANG_ANALYZER_NUMBER_OBJECT_CONVERSION = YES_AGGRESSIVE;
				CLANG_CXX_LANGUAGE_STANDARD = "gnu++14";
				CLANG_CXX_LIBRARY = "libc++";
				CLANG_ENABLE_MODULES = YES;
				CLANG_ENABLE_OBJC_ARC = YES;
				CLANG_ENABLE_OBJC_WEAK = YES;
				CLANG_WARN_BLOCK_CAPTURE_AUTORELEASING = YES;
				CLANG_WARN_BOOL_CONVERSION = YES;
				CLANG_WARN_COMMA = YES;
				CLANG_WARN_CONSTANT_CONVERSION = YES;
				CLANG_WARN_DEPRECATED_OBJC_IMPLEMENTATIONS = YES;
				CLANG_WARN_DIRECT_OBJC_ISA_USAGE = YES_ERROR;
				CLANG_WARN_DOCUMENTATION_COMMENTS = YES;
				CLANG_WARN_EMPTY_BODY = YES;
				CLANG_WARN_ENUM_CONVERSION = YES;
				CLANG_WARN_INFINITE_RECURSION = YES;
				CLANG_WARN_INT_CONVERSION = YES;
				CLANG_WARN_NON_LITERAL_NULL_CONVERSION = YES;
				CLANG_WARN_OBJC_IMPLICIT_RETAIN_SELF = YES;
				CLANG_WARN_OBJC_LITERAL_CONVERSION = YES;
				CLANG_WARN_OBJC_ROOT_CLASS = YES_ERROR;
				CLANG_WARN_RANGE_LOOP_ANALYSIS = YES;
				CLANG_WARN_STRICT_PROTOTYPES = YES;
				CLANG_WARN_SUSPICIOUS_MOVE = YES;
				CLANG_WARN_UNGUARDED_AVAILABILITY = YES_AGGRESSIVE;
				CLANG_WARN_UNREACHABLE_CODE = YES;
				CLANG_WARN__DUPLICATE_METHOD_MATCH = YES;
				CODE_SIGN_IDENTITY = "iPhone Developer";
				COPY_PHASE_STRIP = NO;
				DEBUG_INFORMATION_FORMAT = "dwarf-with-dsym";
				ENABLE_NS_ASSERTIONS = NO;
				ENABLE_STRICT_OBJC_MSGSEND = YES;
				GCC_C_LANGUAGE_STANDARD = gnu11;
				GCC_NO_COMMON_BLOCKS = YES;
				GCC_WARN_64_TO_32_BIT_CONVERSION = YES;
				GCC_WARN_ABOUT_RETURN_TYPE = YES_ERROR;
				GCC_WARN_UNDECLARED_SELECTOR = YES;
				GCC_WARN_UNINITIALIZED_AUTOS = YES_AGGRESSIVE;
				GCC_WARN_UNUSED_FUNCTION = YES;
				GCC_WARN_UNUSED_VARIABLE = YES;
				IPHONEOS_DEPLOYMENT_TARGET = 12.2;
				MTL_ENABLE_DEBUG_INFO = NO;
				MTL_FAST_MATH = YES;
				SDKROOT = iphoneos;
				SWIFT_COMPILATION_MODE = wholemodule;
				SWIFT_OPTIMIZATION_LEVEL = "-O";
				VALIDATE_PRODUCT = YES;
			};
			name = Release;
		};
		20D0201A226C89810097B817 /* Debug */ = {
			isa = XCBuildConfiguration;
			buildSettings = {
				ASSETCATALOG_COMPILER_APPICON_NAME = AppIcon;
				CODE_SIGN_STYLE = Automatic;
				DEVELOPMENT_TEAM = VWKMMKH888;
				INFOPLIST_FILE = Counter/Info.plist;
				IPHONEOS_DEPLOYMENT_TARGET = 9.0;
				LD_RUNPATH_SEARCH_PATHS = (
					"$(inherited)",
					"@executable_path/Frameworks",
				);
				PRODUCT_BUNDLE_IDENTIFIER = com.horvalds.Counter;
				PRODUCT_NAME = "$(TARGET_NAME)";
				SWIFT_VERSION = 5.0;
				TARGETED_DEVICE_FAMILY = "1,2";
			};
			name = Debug;
		};
		20D0201B226C89810097B817 /* Release */ = {
			isa = XCBuildConfiguration;
			buildSettings = {
				ASSETCATALOG_COMPILER_APPICON_NAME = AppIcon;
				CODE_SIGN_STYLE = Automatic;
				DEVELOPMENT_TEAM = VWKMMKH888;
				INFOPLIST_FILE = Counter/Info.plist;
				IPHONEOS_DEPLOYMENT_TARGET = 9.0;
				LD_RUNPATH_SEARCH_PATHS = (
					"$(inherited)",
					"@executable_path/Frameworks",
				);
				PRODUCT_BUNDLE_IDENTIFIER = com.horvalds.Counter;
				PRODUCT_NAME = "$(TARGET_NAME)";
				SWIFT_VERSION = 5.0;
				TARGETED_DEVICE_FAMILY = "1,2";
			};
			name = Release;
		};
/* End XCBuildConfiguration section */

/* Begin XCConfigurationList section */
		20D02002226C897F0097B817 /* Build configuration list for PBXProject "Counter" */ = {
			isa = XCConfigurationList;
			buildConfigurations = (
				20D02017226C89810097B817 /* Debug */,
				20D02018226C89810097B817 /* Release */,
			);
			defaultConfigurationIsVisible = 0;
			defaultConfigurationName = Release;
		};
		20D02019226C89810097B817 /* Build configuration list for PBXNativeTarget "Counter" */ = {
			isa = XCConfigurationList;
			buildConfigurations = (
				20D0201A226C89810097B817 /* Debug */,
				20D0201B226C89810097B817 /* Release */,
			);
			defaultConfigurationIsVisible = 0;
			defaultConfigurationName = Release;
		};
/* End XCConfigurationList section */
	};
	rootObject = 20D01FFF226C897F0097B817 /* Project object */;
}
